{
    "_meta": {
        "hash": {
            "sha256": "e645003f39b014710cec573fe2c133d2fbdcef23d5db6e0370f24f365edef20f"
        },
        "pipfile-spec": 6,
        "requires": {
            "python_version": "3.7"
        },
        "sources": [
            {
                "name": "pypi",
                "url": "https://pypi.org/simple",
                "verify_ssl": true
            }
        ]
    },
    "default": {
        "jmespath": {
            "hashes": [
                "sha256:b85d0567b8666149a93172712e68920734333c0ce7e89b78b3e987f71e5ed4f9",
                "sha256:cdf6525904cc597730141d61b36f2e4b8ecc257c420fa2f4549bac2c2d0cb72f"
            ],
            "index": "pypi",
            "version": "==0.10.0"
        }
    },
    "develop": {}
}
